
Microsoft Visual Studio Solution File, Format Version 12.00
Project("{FAE04EC0-301F-11D3-BF4B-00C04F79EFBC}") = "AdultWebpageHandin", "AdultWebpageHandin\AdultWebpageHandin.csproj", "{2698C4FE-AD65-45AB-9DBA-EC9D323DB430}"
EndProject
Global
	GlobalSection(SolutionConfigurationPlatforms) = preSolution
		Debug|Any CPU = Debug|Any CPU
		Release|Any CPU = Release|Any CPU
	EndGlobalSection
	GlobalSection(ProjectConfigurationPlatforms) = postSolution
		{2698C4FE-AD65-45AB-9DBA-EC9D323DB430}.Debug|Any CPU.ActiveCfg = Debug|Any CPU
		{2698C4FE-AD65-45AB-9DBA-EC9D323DB430}.Debug|Any CPU.Build.0 = Debug|Any CPU
		{2698C4FE-AD65-45AB-9DBA-EC9D323DB430}.Release|Any CPU.ActiveCfg = Release|Any CPU
		{2698C4FE-AD65-45AB-9DBA-EC9D323DB430}.Release|Any CPU.Build.0 = Release|Any CPU
	EndGlobalSection
EndGlobal
